// !$*UTF8*$!
{
	archiveVersion = 1;
	classes = {
	};
	objectVersion = 50;
	objects = {

/* Begin PBXBuildFile section */
		8617BECB20E841680006224B /* eVolumeBar.swift in Sources */ = {isa = PBXBuildFile; fileRef = 8617BECA20E841670006224B /* eVolumeBar.swift */; };
		86A086A220DF6CDD00929048 /* AppDelegate.swift in Sources */ = {isa = PBXBuildFile; fileRef = 86A086A120DF6CDD00929048 /* AppDelegate.swift */; };
		86A086A420DF6CDD00929048 /* ViewController.swift in Sources */ = {isa = PBXBuildFile; fileRef = 86A086A320DF6CDD00929048 /* ViewController.swift */; };
		86A086A720DF6CDD00929048 /* Main.storyboard in Resources */ = {isa = PBXBuildFile; fileRef = 86A086A520DF6CDD00929048 /* Main.storyboard */; };
		86A086A920DF6CDD00929048 /* Assets.xcassets in Resources */ = {isa = PBXBuildFile; fileRef = 86A086A820DF6CDD00929048 /* Assets.xcassets */; };
		86A086AC20DF6CDD00929048 /* LaunchScreen.storyboard in Resources */ = {isa = PBXBuildFile; fileRef = 86A086AA20DF6CDD00929048 /* LaunchScreen.storyboard */; };
		86A086B420DF6D0A00929048 /* AccessoryTouchBar.swift in Sources */ = {isa = PBXBuildFile; fileRef = 86A086B320DF6D0A00929048 /* AccessoryTouchBar.swift */; };
		86A086B720E0C68200929048 /* AudioToolbox.framework in Frameworks */ = {isa = PBXBuildFile; fileRef = 86A086B620E0C68200929048 /* AudioToolbox.framework */; };
/* End PBXBuildFile section */

/* Begin PBXFileReference section */
		8617BECA20E841670006224B /* eVolumeBar.swift */ = {isa = PBXFileReference; fileEncoding = 4; lastKnownFileType = sourcecode.swift; path = eVolumeBar.swift; sourceTree = "<group>"; };
		86A0869E20DF6CDD00929048 /* AccessoryTouchBarSmaple.app */ = {isa = PBXFileReference; explicitFileType = wrapper.application; includeInIndex = 0; path = AccessoryTouchBarSmaple.app; sourceTree = BUILT_PRODUCTS_DIR; };
		86A086A120DF6CDD00929048 /* AppDelegate.swift */ = {isa = PBXFileReference; lastKnownFileType = sourcecode.swift; path = AppDelegate.swift; sourceTree = "<group>"; };
		86A086A320DF6CDD00929048 /* ViewController.swift */ = {isa = PBXFileReference; lastKnownFileType = sourcecode.swift; path = ViewController.swift; sourceTree = "<group>"; };
		86A086A620DF6CDD00929048 /* Base */ = {isa = PBXFileReference; lastKnownFileType = file.storyboard; name = Base; path = Base.lproj/Main.storyboard; sourceTree = "<group>"; };
		86A086A820DF6CDD00929048 /* Assets.xcassets */ = {isa = PBXFileReference; lastKnownFileType = folder.assetcatalog; path = Assets.xcassets; sourceTree = "<group>"; };
		86A086AB20DF6CDD00929048 /* Base */ = {isa = PBXFileReference; lastKnownFileType = file.storyboard; name = Base; path = Base.lproj/LaunchScreen.storyboard; sourceTree = "<group>"; };
		86A086AD20DF6CDD00929048 /* Info.plist */ = {isa = PBXFileReference; lastKnownFileType = text.plist.xml; path = Info.plist; sourceTree = "<group>"; };
		86A086B320DF6D0A00929048 /* AccessoryTouchBar.swift */ = {isa = PBXFileReference; lastKnownFileType = sourcecode.swift; path = AccessoryTouchBar.swift; sourceTree = "<group>"; };
		86A086B620E0C68200929048 /* AudioToolbox.framework */ = {isa = PBXFileReference; lastKnownFileType = wrapper.framework; name = AudioToolbox.framework; path = System/Library/Frameworks/AudioToolbox.framework; sourceTree = SDKROOT; };
/* End PBXFileReference section */

/* Begin PBXFrameworksBuildPhase section */
		86A0869B20DF6CDD00929048 /* Frameworks */ = {
			isa = PBXFrameworksBuildPhase;
			buildActionMask = 2147483647;
			files = (
				86A086B720E0C68200929048 /* AudioToolbox.framework in Frameworks */,
			);
			runOnlyForDeploymentPostprocessing = 0;
		};
/* End PBXFrameworksBuildPhase section */

/* Begin PBXGroup section */
		86A0869520DF6CDC00929048 = {
			isa = PBXGroup;
			children = (
				86A086A020DF6CDD00929048 /* AccessoryTouchBarSample */,
				86A0869F20DF6CDD00929048 /* Products */,
				86A086B520E0C68200929048 /* Frameworks */,
			);
			sourceTree = "<group>";
		};
		86A0869F20DF6CDD00929048 /* Products */ = {
			isa = PBXGroup;
			children = (
				86A0869E20DF6CDD00929048 /* AccessoryTouchBarSmaple.app */,
			);
			name = Products;
			sourceTree = "<group>";
		};
		86A086A020DF6CDD00929048 /* AccessoryTouchBarSample */ = {
			isa = PBXGroup;
			children = (
				86A086A120DF6CDD00929048 /* AppDelegate.swift */,
				86A086A320DF6CDD00929048 /* ViewController.swift */,
				86A086B320DF6D0A00929048 /* AccessoryTouchBar.swift */,
				8617BECA20E841670006224B /* eVolumeBar.swift */,
				86A086A520DF6CDD00929048 /* Main.storyboard */,
				86A086A820DF6CDD00929048 /* Assets.xcassets */,
				86A086AA20DF6CDD00929048 /* LaunchScreen.storyboard */,
				86A086AD20DF6CDD00929048 /* Info.plist */,
			);
			path = AccessoryTouchBarSample;
			sourceTree = "<group>";
		};
		86A086B520E0C68200929048 /* Frameworks */ = {
			isa = PBXGroup;
			children = (
				86A086B620E0C68200929048 /* AudioToolbox.framework */,
			);
			name = Frameworks;
			sourceTree = "<group>";
		};
/* End PBXGroup section */

/* Begin PBXNativeTarget section */
		86A0869D20DF6CDD00929048 /* AccessoryTouchBarSmaple */ = {
			isa = PBXNativeTarget;
			buildConfigurationList = 86A086B020DF6CDD00929048 /* Build configuration list for PBXNativeTarget "AccessoryTouchBarSmaple" */;
			buildPhases = (
				86A0869A20DF6CDD00929048 /* Sources */,
				86A0869B20DF6CDD00929048 /* Frameworks */,
				86A0869C20DF6CDD00929048 /* Resources */,
			);
			buildRules = (
			);
			dependencies = (
			);
			name = AccessoryTouchBarSmaple;
			productName = EmojiSlider;
			productReference = 86A0869E20DF6CDD00929048 /* AccessoryTouchBarSmaple.app */;
			productType = "com.apple.product-type.application";
		};
/* End PBXNativeTarget section */

/* Begin PBXProject section */
		86A0869620DF6CDC00929048 /* Project object */ = {
			isa = PBXProject;
			attributes = {
				LastSwiftUpdateCheck = 0940;
				LastUpgradeCheck = 0940;
				ORGANIZATIONNAME = Eyad;
				TargetAttributes = {
					86A0869D20DF6CDD00929048 = {
						CreatedOnToolsVersion = 9.4.1;
					};
				};
			};
			buildConfigurationList = 86A0869920DF6CDC00929048 /* Build configuration list for PBXProject "AccessoryTouchBarSmaple" */;
			compatibilityVersion = "Xcode 9.3";
			developmentRegion = en;
			hasScannedForEncodings = 0;
			knownRegions = (
				en,
				Base,
			);
			mainGroup = 86A0869520DF6CDC00929048;
			productRefGroup = 86A0869F20DF6CDD00929048 /* Products */;
			projectDirPath = "";
			projectRoot = "";
			targets = (
				86A0869D20DF6CDD00929048 /* AccessoryTouchBarSmaple */,
			);
		};
/* End PBXProject section */

/* Begin PBXResourcesBuildPhase section */
		86A0869C20DF6CDD00929048 /* Resources */ = {
			isa = PBXResourcesBuildPhase;
			buildActionMask = 2147483647;
			files = (
				86A086AC20DF6CDD00929048 /* LaunchScreen.storyboard in Resources */,
				86A086A920DF6CDD00929048 /* Assets.xcassets in Resources */,
				86A086A720DF6CDD00929048 /* Main.storyboard in Resources */,
			);
			runOnlyForDeploymentPostprocessing = 0;
		};
/* End PBXResourcesBuildPhase section */

/* Begin PBXSourcesBuildPhase section */
		86A0869A20DF6CDD00929048 /* Sources */ = {
			isa = PBXSourcesBuildPhase;
			buildActionMask = 2147483647;
			files = (
				86A086A420DF6CDD00929048 /* ViewController.swift in Sources */,
				8617BECB20E841680006224B /* eVolumeBar.swift in Sources */,
				86A086A220DF6CDD00929048 /* AppDelegate.swift in Sources */,
				86A086B420DF6D0A00929048 /* AccessoryTouchBar.swift in Sources */,
			);
			runOnlyForDeploymentPostprocessing = 0;
		};
/* End PBXSourcesBuildPhase section */

/* Begin PBXVariantGroup section */
		86A086A520DF6CDD00929048 /* Main.storyboard */ = {
			isa = PBXVariantGroup;
			children = (
				86A086A620DF6CDD00929048 /* Base */,
			);
			name = Main.storyboard;
			sourceTree = "<group>";
		};
		86A086AA20DF6CDD00929048 /* LaunchScreen.storyboard */ = {
			isa = PBXVariantGroup;
			children = (
				86A086AB20DF6CDD00929048 /* Base */,
			);
			name = LaunchScreen.storyboard;
			sourceTree = "<group>";
		};
/* End PBXVariantGroup section */

/* Begin XCBuildConfiguration section */
		86A086AE20DF6CDD00929048 /* Debug */ = {
			isa = XCBuildConfiguration;
			buildSettings = {
				ALWAYS_SEARCH_USER_PATHS = NO;
				CLANG_ANALYZER_NONNULL = YES;
				CLANG_ANALYZER_NUMBER_OBJECT_CONVERSION = YES_AGGRESSIVE;
				CLANG_CXX_LANGUAGE_STANDARD = "gnu++14";
				CLANG_CXX_LIBRARY = "libc++";
				CLANG_ENABLE_MODULES = YES;
				CLANG_ENABLE_OBJC_ARC = YES;
				CLANG_ENABLE_OBJC_WEAK = YES;
				CLANG_WARN_BLOCK_CAPTURE_AUTORELEASING = YES;
				CLANG_WARN_BOOL_CONVERSION = YES;
				CLANG_WARN_COMMA = YES;
				CLANG_WARN_CONSTANT_CONVERSION = YES;
				CLANG_WARN_DEPRECATED_OBJC_IMPLEMENTATIONS = YES;
				CLANG_WARN_DIRECT_OBJC_ISA_USAGE = YES_ERROR;
				CLANG_WARN_DOCUMENTATION_COMMENTS = YES;
				CLANG_WARN_EMPTY_BODY = YES;
				CLANG_WARN_ENUM_CONVERSION = YES;
				CLANG_WARN_INFINITE_RECURSION = YES;
				CLANG_WARN_INT_CONVERSION = YES;
				CLANG_WARN_NON_LITERAL_NULL_CONVERSION = YES;
				CLANG_WARN_OBJC_IMPLICIT_RETAIN_SELF = YES;
				CLANG_WARN_OBJC_LITERAL_CONVERSION = YES;
				CLANG_WARN_OBJC_ROOT_CLASS = YES_ERROR;
				CLANG_WARN_RANGE_LOOP_ANALYSIS = YES;
				CLANG_WARN_STRICT_PROTOTYPES = YES;
				CLANG_WARN_SUSPICIOUS_MOVE = YES;
				CLANG_WARN_UNGUARDED_AVAILABILITY = YES_AGGRESSIVE;
				CLANG_WARN_UNREACHABLE_CODE = YES;
				CLANG_WARN__DUPLICATE_METHOD_MATCH = YES;
				CODE_SIGN_IDENTITY = "iPhone Developer";
				COPY_PHASE_STRIP = NO;
				DEBUG_INFORMATION_FORMAT = dwarf;
				ENABLE_STRICT_OBJC_MSGSEND = YES;
				ENABLE_TESTABILITY = YES;
				GCC_C_LANGUAGE_STANDARD = gnu11;
				GCC_DYNAMIC_NO_PIC = NO;
				GCC_NO_COMMON_BLOCKS = YES;
				GCC_OPTIMIZATION_LEVEL = 0;
				GCC_PREPROCESSOR_DEFINITIONS = (
					"DEBUG=1",
					"$(inherited)",
				);
				GCC_WARN_64_TO_32_BIT_CONVERSION = YES;
				GCC_WARN_ABOUT_RETURN_TYPE = YES_ERROR;
				GCC_WARN_UNDECLARED_SELECTOR = YES;
				GCC_WARN_UNINITIALIZED_AUTOS = YES_AGGRESSIVE;
				GCC_WARN_UNUSED_FUNCTION = YES;
				GCC_WARN_UNUSED_VARIABLE = YES;
				IPHONEOS_DEPLOYMENT_TARGET = 11.4;
				MTL_ENABLE_DEBUG_INFO = YES;
				ONLY_ACTIVE_ARCH = YES;
				SDKROOT = iphoneos;
				SWIFT_ACTIVE_COMPILATION_CONDITIONS = DEBUG;
				SWIFT_OPTIMIZATION_LEVEL = "-Onone";
			};
			name = Debug;
		};
		86A086AF20DF6CDD00929048 /* Release */ = {
			isa = XCBuildConfiguration;
			buildSettings = {
				ALWAYS_SEARCH_USER_PATHS = NO;
				CLANG_ANALYZER_NONNULL = YES;
				CLANG_ANALYZER_NUMBER_OBJECT_CONVERSION = YES_AGGRESSIVE;
				CLANG_CXX_LANGUAGE_STANDARD = "gnu++14";
				CLANG_CXX_LIBRARY = "libc++";
				CLANG_ENABLE_MODULES = YES;
				CLANG_ENABLE_OBJC_ARC = YES;
				CLANG_ENABLE_OBJC_WEAK = YES;
				CLANG_WARN_BLOCK_CAPTURE_AUTORELEASING = YES;
				CLANG_WARN_BOOL_CONVERSION = YES;
				CLANG_WARN_COMMA = YES;
				CLANG_WARN_CONSTANT_CONVERSION = YES;
				CLANG_WARN_DEPRECATED_OBJC_IMPLEMENTATIONS = YES;
				CLANG_WARN_DIRECT_OBJC_ISA_USAGE = YES_ERROR;
				CLANG_WARN_DOCUMENTATION_COMMENTS = YES;
				CLANG_WARN_EMPTY_BODY = YES;
				CLANG_WARN_ENUM_CONVERSION = YES;
				CLANG_WARN_INFINITE_RECURSION = YES;
				CLANG_WARN_INT_CONVERSION = YES;
				CLANG_WARN_NON_LITERAL_NULL_CONVERSION = YES;
				CLANG_WARN_OBJC_IMPLICIT_RETAIN_SELF = YES;
				CLANG_WARN_OBJC_LITERAL_CONVERSION = YES;
				CLANG_WARN_OBJC_ROOT_CLASS = YES_ERROR;
				CLANG_WARN_RANGE_LOOP_ANALYSIS = YES;
				CLANG_WARN_STRICT_PROTOTYPES = YES;
				CLANG_WARN_SUSPICIOUS_MOVE = YES;
				CLANG_WARN_UNGUARDED_AVAILABILITY = YES_AGGRESSIVE;
				CLANG_WARN_UNREACHABLE_CODE = YES;
				CLANG_WARN__DUPLICATE_METHOD_MATCH = YES;
				CODE_SIGN_IDENTITY = "iPhone Developer";
				COPY_PHASE_STRIP = NO;
				DEBUG_INFORMATION_FORMAT = "dwarf-with-dsym";
				ENABLE_NS_ASSERTIONS = NO;
				ENABLE_STRICT_OBJC_MSGSEND = YES;
				GCC_C_LANGUAGE_STANDARD = gnu11;
				GCC_NO_COMMON_BLOCKS = YES;
				GCC_WARN_64_TO_32_BIT_CONVERSION = YES;
				GCC_WARN_ABOUT_RETURN_TYPE = YES_ERROR;
				GCC_WARN_UNDECLARED_SELECTOR = YES;
				GCC_WARN_UNINITIALIZED_AUTOS = YES_AGGRESSIVE;
				GCC_WARN_UNUSED_FUNCTION = YES;
				GCC_WARN_UNUSED_VARIABLE = YES;
				IPHONEOS_DEPLOYMENT_TARGET = 11.4;
				MTL_ENABLE_DEBUG_INFO = NO;
				SDKROOT = iphoneos;
				SWIFT_COMPILATION_MODE = wholemodule;
				SWIFT_OPTIMIZATION_LEVEL = "-O";
				VALIDATE_PRODUCT = YES;
			};
			name = Release;
		};
		86A086B120DF6CDD00929048 /* Debug */ = {
			isa = XCBuildConfiguration;
			buildSettings = {
				ASSETCATALOG_COMPILER_APPICON_NAME = AppIcon;
				CODE_SIGN_STYLE = Automatic;
				DEVELOPMENT_TEAM = 86QLR2USUV;
				INFOPLIST_FILE = EmojiSlider/Info.plist;
				IPHONEOS_DEPLOYMENT_TARGET = 11.3;
				LD_RUNPATH_SEARCH_PATHS = (
					"$(inherited)",
					"@executable_path/Frameworks",
				);
				PRODUCT_BUNDLE_IDENTIFIER = Eyad.EmojiSlider;
				PRODUCT_NAME = "$(TARGET_NAME)";
				SWIFT_VERSION = 4.0;
				TARGETED_DEVICE_FAMILY = "1,2";
			};
			name = Debug;
		};
		86A086B220DF6CDD00929048 /* Release */ = {
			isa = XCBuildConfiguration;
			buildSettings = {
				ASSETCATALOG_COMPILER_APPICON_NAME = AppIcon;
				CODE_SIGN_STYLE = Automatic;
				DEVELOPMENT_TEAM = 86QLR2USUV;
				INFOPLIST_FILE = EmojiSlider/Info.plist;
				IPHONEOS_DEPLOYMENT_TARGET = 11.3;
				LD_RUNPATH_SEARCH_PATHS = (
					"$(inherited)",
					"@executable_path/Frameworks",
				);
				PRODUCT_BUNDLE_IDENTIFIER = Eyad.EmojiSlider;
				PRODUCT_NAME = "$(TARGET_NAME)";
				SWIFT_VERSION = 4.0;
				TARGETED_DEVICE_FAMILY = "1,2";
			};
			name = Release;
		};
/* End XCBuildConfiguration section */

/* Begin XCConfigurationList section */
		86A0869920DF6CDC00929048 /* Build configuration list for PBXProject "AccessoryTouchBarSmaple" */ = {
			isa = XCConfigurationList;
			buildConfigurations = (
				86A086AE20DF6CDD00929048 /* Debug */,
				86A086AF20DF6CDD00929048 /* Release */,
			);
			defaultConfigurationIsVisible = 0;
			defaultConfigurationName = Release;
		};
		86A086B020DF6CDD00929048 /* Build configuration list for PBXNativeTarget "AccessoryTouchBarSmaple" */ = {
			isa = XCConfigurationList;
			buildConfigurations = (
				86A086B120DF6CDD00929048 /* Debug */,
				86A086B220DF6CDD00929048 /* Release */,
			);
			defaultConfigurationIsVisible = 0;
			defaultConfigurationName = Release;
		};
/* End XCConfigurationList section */
	};
	rootObject = 86A0869620DF6CDC00929048 /* Project object */;
}
