<?xml version="1.0" encoding="UTF-8"?>
<Scheme
   version = "1.3">
   <BuildAction>
      <BuildActionEntries>
         <BuildActionEntry
            buildForRunning = "YES">
            <BuildableReference
               BuildableIdentifier = "primary"
               BlueprintIdentifier = "86A0869D20DF6CDD00929048"
               BuildableName = "EmojiSlider.app"
               BlueprintName = "EmojiSlider"
               ReferencedContainer = "container:EmojiSlider.xcodeproj">
            </BuildableReference>
         </BuildActionEntry>
      </BuildActionEntries>
   </BuildAction>
   <LaunchAction
      useCustomWorkingDirectory = "NO"
      buildConfiguration = "Debug"
      allowLocationSimulation = "YES">
      <BuildableProductRunnable>
         <BuildableReference
            BuildableIdentifier = "primary"
            BlueprintIdentifier = "86A0869D20DF6CDD00929048"
            BuildableName = "EmojiSlider.app"
            BlueprintName = "EmojiSlider"
            ReferencedContainer = "container:EmojiSlider.xcodeproj">
         </BuildableReference>
      </BuildableProductRunnable>
   </LaunchAction>
</Scheme>
